// !$*UTF8*$!
{
	archiveVersion = 1;
	classes = {
	};
	objectVersion = 56;
	objects = {

/* Begin PBXBuildFile section */
		A23E48442A94CBB100B85154 /* CoinRowView.swift in Sources */ = {isa = PBXBuildFile; fileRef = A23E48432A94CBB100B85154 /* CoinRowView.swift */; };
		A23E48462A94CC5A00B85154 /* PreviewProvider.swift in Sources */ = {isa = PBXBuildFile; fileRef = A23E48452A94CC5A00B85154 /* PreviewProvider.swift */; };
		A23E48482A94DED600B85154 /* Double.swift in Sources */ = {isa = PBXBuildFile; fileRef = A23E48472A94DED600B85154 /* Double.swift */; };
		A23E484A2A94F2EF00B85154 /* HomeViewModel.swift in Sources */ = {isa = PBXBuildFile; fileRef = A23E48492A94F2EF00B85154 /* HomeViewModel.swift */; };
		A23E484D2A94FD8700B85154 /* CoinDataService.swift in Sources */ = {isa = PBXBuildFile; fileRef = A23E484C2A94FD8700B85154 /* CoinDataService.swift */; };
		A2C9B8FF2A8FF1E10019882C /* BeCoinApp.swift in Sources */ = {isa = PBXBuildFile; fileRef = A2C9B8FE2A8FF1E10019882C /* BeCoinApp.swift */; };
		A2C9B9012A8FF1E10019882C /* ContentView.swift in Sources */ = {isa = PBXBuildFile; fileRef = A2C9B9002A8FF1E10019882C /* ContentView.swift */; };
		A2C9B9062A8FF1E20019882C /* Preview Assets.xcassets in Resources */ = {isa = PBXBuildFile; fileRef = A2C9B9052A8FF1E20019882C /* Preview Assets.xcassets */; };
		A2C9B90D2A8FF3DB0019882C /* Assets.xcassets in Resources */ = {isa = PBXBuildFile; fileRef = A2C9B90C2A8FF3DB0019882C /* Assets.xcassets */; };
		A2C9B9102A8FF4B00019882C /* Color.swift in Sources */ = {isa = PBXBuildFile; fileRef = A2C9B90F2A8FF4B00019882C /* Color.swift */; };
		A2D4D19A2A93DD8F00FDAB52 /* HomeView.swift in Sources */ = {isa = PBXBuildFile; fileRef = A2D4D1992A93DD8F00FDAB52 /* HomeView.swift */; };
		A2D4D19E2A93E13000FDAB52 /* CircleButtonView.swift in Sources */ = {isa = PBXBuildFile; fileRef = A2D4D19D2A93E13000FDAB52 /* CircleButtonView.swift */; };
		A2DA444E2A93E7F90095791D /* CircleButtonAnimationView.swift in Sources */ = {isa = PBXBuildFile; fileRef = A2DA444D2A93E7F90095791D /* CircleButtonAnimationView.swift */; };
		A2DA44512A93EC180095791D /* CoinModel.swift in Sources */ = {isa = PBXBuildFile; fileRef = A2DA44502A93EC180095791D /* CoinModel.swift */; };
/* End PBXBuildFile section */

/* Begin PBXFileReference section */
		A23E48432A94CBB100B85154 /* CoinRowView.swift */ = {isa = PBXFileReference; lastKnownFileType = sourcecode.swift; path = CoinRowView.swift; sourceTree = "<group>"; };
		A23E48452A94CC5A00B85154 /* PreviewProvider.swift */ = {isa = PBXFileReference; lastKnownFileType = sourcecode.swift; path = PreviewProvider.swift; sourceTree = "<group>"; };
		A23E48472A94DED600B85154 /* Double.swift */ = {isa = PBXFileReference; lastKnownFileType = sourcecode.swift; path = Double.swift; sourceTree = "<group>"; };
		A23E48492A94F2EF00B85154 /* HomeViewModel.swift */ = {isa = PBXFileReference; lastKnownFileType = sourcecode.swift; path = HomeViewModel.swift; sourceTree = "<group>"; };
		A23E484C2A94FD8700B85154 /* CoinDataService.swift */ = {isa = PBXFileReference; lastKnownFileType = sourcecode.swift; path = CoinDataService.swift; sourceTree = "<group>"; };
		A2C9B8FB2A8FF1E10019882C /* BeCoin.app */ = {isa = PBXFileReference; explicitFileType = wrapper.application; includeInIndex = 0; path = BeCoin.app; sourceTree = BUILT_PRODUCTS_DIR; };
		A2C9B8FE2A8FF1E10019882C /* BeCoinApp.swift */ = {isa = PBXFileReference; lastKnownFileType = sourcecode.swift; path = BeCoinApp.swift; sourceTree = "<group>"; };
		A2C9B9002A8FF1E10019882C /* ContentView.swift */ = {isa = PBXFileReference; lastKnownFileType = sourcecode.swift; path = ContentView.swift; sourceTree = "<group>"; };
		A2C9B9052A8FF1E20019882C /* Preview Assets.xcassets */ = {isa = PBXFileReference; lastKnownFileType = folder.assetcatalog; path = "Preview Assets.xcassets"; sourceTree = "<group>"; };
		A2C9B90C2A8FF3DB0019882C /* Assets.xcassets */ = {isa = PBXFileReference; lastKnownFileType = folder.assetcatalog; name = Assets.xcassets; path = ../../../../Desktop/Resources/Assets.xcassets; sourceTree = "<group>"; };
		A2C9B90F2A8FF4B00019882C /* Color.swift */ = {isa = PBXFileReference; lastKnownFileType = sourcecode.swift; path = Color.swift; sourceTree = "<group>"; };
		A2D4D1992A93DD8F00FDAB52 /* HomeView.swift */ = {isa = PBXFileReference; lastKnownFileType = sourcecode.swift; path = HomeView.swift; sourceTree = "<group>"; };
		A2D4D19D2A93E13000FDAB52 /* CircleButtonView.swift */ = {isa = PBXFileReference; lastKnownFileType = sourcecode.swift; path = CircleButtonView.swift; sourceTree = "<group>"; };
		A2DA444D2A93E7F90095791D /* CircleButtonAnimationView.swift */ = {isa = PBXFileReference; lastKnownFileType = sourcecode.swift; path = CircleButtonAnimationView.swift; sourceTree = "<group>"; };
		A2DA44502A93EC180095791D /* CoinModel.swift */ = {isa = PBXFileReference; lastKnownFileType = sourcecode.swift; path = CoinModel.swift; sourceTree = "<group>"; };
/* End PBXFileReference section */

/* Begin PBXFrameworksBuildPhase section */
		A2C9B8F82A8FF1E10019882C /* Frameworks */ = {
			isa = PBXFrameworksBuildPhase;
			buildActionMask = 2147483647;
			files = (
			);
			runOnlyForDeploymentPostprocessing = 0;
		};
/* End PBXFrameworksBuildPhase section */

/* Begin PBXGroup section */
		A23E484B2A94FD3A00B85154 /* Services */ = {
			isa = PBXGroup;
			children = (
				A23E484C2A94FD8700B85154 /* CoinDataService.swift */,
			);
			path = Services;
			sourceTree = "<group>";
		};
		A2C9B8F22A8FF1E10019882C = {
			isa = PBXGroup;
			children = (
				A2C9B8FD2A8FF1E10019882C /* BeCoin */,
				A2C9B8FC2A8FF1E10019882C /* Products */,
			);
			sourceTree = "<group>";
		};
		A2C9B8FC2A8FF1E10019882C /* Products */ = {
			isa = PBXGroup;
			children = (
				A2C9B8FB2A8FF1E10019882C /* BeCoin.app */,
			);
			name = Products;
			sourceTree = "<group>";
		};
		A2C9B8FD2A8FF1E10019882C /* BeCoin */ = {
			isa = PBXGroup;
			children = (
				A2C9B8FE2A8FF1E10019882C /* BeCoinApp.swift */,
				A2C9B90E2A8FF48F0019882C /* Extensions */,
				A23E484B2A94FD3A00B85154 /* Services */,
				A2DA444F2A93EBDE0095791D /* Models */,
				A2D4D1952A93DCDB00FDAB52 /* Core */,
				A2C9B9002A8FF1E10019882C /* ContentView.swift */,
				A2C9B90C2A8FF3DB0019882C /* Assets.xcassets */,
				A2C9B9042A8FF1E20019882C /* Preview Content */,
			);
			path = BeCoin;
			sourceTree = "<group>";
		};
		A2C9B9042A8FF1E20019882C /* Preview Content */ = {
			isa = PBXGroup;
			children = (
				A2C9B9052A8FF1E20019882C /* Preview Assets.xcassets */,
			);
			path = "Preview Content";
			sourceTree = "<group>";
		};
		A2C9B90E2A8FF48F0019882C /* Extensions */ = {
			isa = PBXGroup;
			children = (
				A2C9B90F2A8FF4B00019882C /* Color.swift */,
				A23E48452A94CC5A00B85154 /* PreviewProvider.swift */,
				A23E48472A94DED600B85154 /* Double.swift */,
			);
			path = Extensions;
			sourceTree = "<group>";
		};
		A2D4D1952A93DCDB00FDAB52 /* Core */ = {
			isa = PBXGroup;
			children = (
				A2D4D19B2A93E0E800FDAB52 /* Components */,
				A2D4D1962A93DD0C00FDAB52 /* Home */,
			);
			path = Core;
			sourceTree = "<group>";
		};
		A2D4D1962A93DD0C00FDAB52 /* Home */ = {
			isa = PBXGroup;
			children = (
				A2D4D1982A93DD2F00FDAB52 /* ViewModels */,
				A2D4D1972A93DD2400FDAB52 /* Views */,
			);
			path = Home;
			sourceTree = "<group>";
		};
		A2D4D1972A93DD2400FDAB52 /* Views */ = {
			isa = PBXGroup;
			children = (
				A2D4D1992A93DD8F00FDAB52 /* HomeView.swift */,
				A23E48432A94CBB100B85154 /* CoinRowView.swift */,
			);
			path = Views;
			sourceTree = "<group>";
		};
		A2D4D1982A93DD2F00FDAB52 /* ViewModels */ = {
			isa = PBXGroup;
			children = (
				A23E48492A94F2EF00B85154 /* HomeViewModel.swift */,
			);
			path = ViewModels;
			sourceTree = "<group>";
		};
		A2D4D19B2A93E0E800FDAB52 /* Components */ = {
			isa = PBXGroup;
			children = (
				A2D4D19C2A93E10B00FDAB52 /* CircleButton */,
			);
			path = Components;
			sourceTree = "<group>";
		};
		A2D4D19C2A93E10B00FDAB52 /* CircleButton */ = {
			isa = PBXGroup;
			children = (
				A2D4D19D2A93E13000FDAB52 /* CircleButtonView.swift */,
				A2DA444D2A93E7F90095791D /* CircleButtonAnimationView.swift */,
			);
			path = CircleButton;
			sourceTree = "<group>";
		};
		A2DA444F2A93EBDE0095791D /* Models */ = {
			isa = PBXGroup;
			children = (
				A2DA44502A93EC180095791D /* CoinModel.swift */,
			);
			path = Models;
			sourceTree = "<group>";
		};
/* End PBXGroup section */

/* Begin PBXNativeTarget section */
		A2C9B8FA2A8FF1E10019882C /* BeCoin */ = {
			isa = PBXNativeTarget;
			buildConfigurationList = A2C9B9092A8FF1E20019882C /* Build configuration list for PBXNativeTarget "BeCoin" */;
			buildPhases = (
				A2C9B8F72A8FF1E10019882C /* Sources */,
				A2C9B8F82A8FF1E10019882C /* Frameworks */,
				A2C9B8F92A8FF1E10019882C /* Resources */,
			);
			buildRules = (
			);
			dependencies = (
			);
			name = BeCoin;
			productName = BeCoin;
			productReference = A2C9B8FB2A8FF1E10019882C /* BeCoin.app */;
			productType = "com.apple.product-type.application";
		};
/* End PBXNativeTarget section */

/* Begin PBXProject section */
		A2C9B8F32A8FF1E10019882C /* Project object */ = {
			isa = PBXProject;
			attributes = {
				BuildIndependentTargetsInParallel = 1;
				LastSwiftUpdateCheck = 1430;
				LastUpgradeCheck = 1430;
				TargetAttributes = {
					A2C9B8FA2A8FF1E10019882C = {
						CreatedOnToolsVersion = 14.3.1;
					};
				};
			};
			buildConfigurationList = A2C9B8F62A8FF1E10019882C /* Build configuration list for PBXProject "BeCoin" */;
			compatibilityVersion = "Xcode 14.0";
			developmentRegion = en;
			hasScannedForEncodings = 0;
			knownRegions = (
				en,
				Base,
			);
			mainGroup = A2C9B8F22A8FF1E10019882C;
			productRefGroup = A2C9B8FC2A8FF1E10019882C /* Products */;
			projectDirPath = "";
			projectRoot = "";
			targets = (
				A2C9B8FA2A8FF1E10019882C /* BeCoin */,
			);
		};
/* End PBXProject section */

/* Begin PBXResourcesBuildPhase section */
		A2C9B8F92A8FF1E10019882C /* Resources */ = {
			isa = PBXResourcesBuildPhase;
			buildActionMask = 2147483647;
			files = (
				A2C9B9062A8FF1E20019882C /* Preview Assets.xcassets in Resources */,
				A2C9B90D2A8FF3DB0019882C /* Assets.xcassets in Resources */,
			);
			runOnlyForDeploymentPostprocessing = 0;
		};
/* End PBXResourcesBuildPhase section */

/* Begin PBXSourcesBuildPhase section */
		A2C9B8F72A8FF1E10019882C /* Sources */ = {
			isa = PBXSourcesBuildPhase;
			buildActionMask = 2147483647;
			files = (
				A23E484D2A94FD8700B85154 /* CoinDataService.swift in Sources */,
				A23E48442A94CBB100B85154 /* CoinRowView.swift in Sources */,
				A23E484A2A94F2EF00B85154 /* HomeViewModel.swift in Sources */,
				A2C9B9012A8FF1E10019882C /* ContentView.swift in Sources */,
				A2D4D19A2A93DD8F00FDAB52 /* HomeView.swift in Sources */,
				A2C9B8FF2A8FF1E10019882C /* BeCoinApp.swift in Sources */,
				A2D4D19E2A93E13000FDAB52 /* CircleButtonView.swift in Sources */,
				A2C9B9102A8FF4B00019882C /* Color.swift in Sources */,
				A2DA444E2A93E7F90095791D /* CircleButtonAnimationView.swift in Sources */,
				A23E48462A94CC5A00B85154 /* PreviewProvider.swift in Sources */,
				A23E48482A94DED600B85154 /* Double.swift in Sources */,
				A2DA44512A93EC180095791D /* CoinModel.swift in Sources */,
			);
			runOnlyForDeploymentPostprocessing = 0;
		};
/* End PBXSourcesBuildPhase section */

/* Begin XCBuildConfiguration section */
		A2C9B9072A8FF1E20019882C /* Debug */ = {
			isa = XCBuildConfiguration;
			buildSettings = {
				ALWAYS_SEARCH_USER_PATHS = NO;
				CLANG_ANALYZER_NONNULL = YES;
				CLANG_ANALYZER_NUMBER_OBJECT_CONVERSION = YES_AGGRESSIVE;
				CLANG_CXX_LANGUAGE_STANDARD = "gnu++20";
				CLANG_ENABLE_MODULES = YES;
				CLANG_ENABLE_OBJC_ARC = YES;
				CLANG_ENABLE_OBJC_WEAK = YES;
				CLANG_WARN_BLOCK_CAPTURE_AUTORELEASING = YES;
				CLANG_WARN_BOOL_CONVERSION = YES;
				CLANG_WARN_COMMA = YES;
				CLANG_WARN_CONSTANT_CONVERSION = YES;
				CLANG_WARN_DEPRECATED_OBJC_IMPLEMENTATIONS = YES;
				CLANG_WARN_DIRECT_OBJC_ISA_USAGE = YES_ERROR;
				CLANG_WARN_DOCUMENTATION_COMMENTS = YES;
				CLANG_WARN_EMPTY_BODY = YES;
				CLANG_WARN_ENUM_CONVERSION = YES;
				CLANG_WARN_INFINITE_RECURSION = YES;
				CLANG_WARN_INT_CONVERSION = YES;
				CLANG_WARN_NON_LITERAL_NULL_CONVERSION = YES;
				CLANG_WARN_OBJC_IMPLICIT_RETAIN_SELF = YES;
				CLANG_WARN_OBJC_LITERAL_CONVERSION = YES;
				CLANG_WARN_OBJC_ROOT_CLASS = YES_ERROR;
				CLANG_WARN_QUOTED_INCLUDE_IN_FRAMEWORK_HEADER = YES;
				CLANG_WARN_RANGE_LOOP_ANALYSIS = YES;
				CLANG_WARN_STRICT_PROTOTYPES = YES;
				CLANG_WARN_SUSPICIOUS_MOVE = YES;
				CLANG_WARN_UNGUARDED_AVAILABILITY = YES_AGGRESSIVE;
				CLANG_WARN_UNREACHABLE_CODE = YES;
				CLANG_WARN__DUPLICATE_METHOD_MATCH = YES;
				COPY_PHASE_STRIP = NO;
				DEBUG_INFORMATION_FORMAT = dwarf;
				ENABLE_STRICT_OBJC_MSGSEND = YES;
				ENABLE_TESTABILITY = YES;
				GCC_C_LANGUAGE_STANDARD = gnu11;
				GCC_DYNAMIC_NO_PIC = NO;
				GCC_NO_COMMON_BLOCKS = YES;
				GCC_OPTIMIZATION_LEVEL = 0;
				GCC_PREPROCESSOR_DEFINITIONS = (
					"DEBUG=1",
					"$(inherited)",
				);
				GCC_WARN_64_TO_32_BIT_CONVERSION = YES;
				GCC_WARN_ABOUT_RETURN_TYPE = YES_ERROR;
				GCC_WARN_UNDECLARED_SELECTOR = YES;
				GCC_WARN_UNINITIALIZED_AUTOS = YES_AGGRESSIVE;
				GCC_WARN_UNUSED_FUNCTION = YES;
				GCC_WARN_UNUSED_VARIABLE = YES;
				IPHONEOS_DEPLOYMENT_TARGET = 16.4;
				MTL_ENABLE_DEBUG_INFO = INCLUDE_SOURCE;
				MTL_FAST_MATH = YES;
				ONLY_ACTIVE_ARCH = YES;
				SDKROOT = iphoneos;
				SWIFT_ACTIVE_COMPILATION_CONDITIONS = DEBUG;
				SWIFT_OPTIMIZATION_LEVEL = "-Onone";
			};
			name = Debug;
		};
		A2C9B9082A8FF1E20019882C /* Release */ = {
			isa = XCBuildConfiguration;
			buildSettings = {
				ALWAYS_SEARCH_USER_PATHS = NO;
				CLANG_ANALYZER_NONNULL = YES;
				CLANG_ANALYZER_NUMBER_OBJECT_CONVERSION = YES_AGGRESSIVE;
				CLANG_CXX_LANGUAGE_STANDARD = "gnu++20";
				CLANG_ENABLE_MODULES = YES;
				CLANG_ENABLE_OBJC_ARC = YES;
				CLANG_ENABLE_OBJC_WEAK = YES;
				CLANG_WARN_BLOCK_CAPTURE_AUTORELEASING = YES;
				CLANG_WARN_BOOL_CONVERSION = YES;
				CLANG_WARN_COMMA = YES;
				CLANG_WARN_CONSTANT_CONVERSION = YES;
				CLANG_WARN_DEPRECATED_OBJC_IMPLEMENTATIONS = YES;
				CLANG_WARN_DIRECT_OBJC_ISA_USAGE = YES_ERROR;
				CLANG_WARN_DOCUMENTATION_COMMENTS = YES;
				CLANG_WARN_EMPTY_BODY = YES;
				CLANG_WARN_ENUM_CONVERSION = YES;
				CLANG_WARN_INFINITE_RECURSION = YES;
				CLANG_WARN_INT_CONVERSION = YES;
				CLANG_WARN_NON_LITERAL_NULL_CONVERSION = YES;
				CLANG_WARN_OBJC_IMPLICIT_RETAIN_SELF = YES;
				CLANG_WARN_OBJC_LITERAL_CONVERSION = YES;
				CLANG_WARN_OBJC_ROOT_CLASS = YES_ERROR;
				CLANG_WARN_QUOTED_INCLUDE_IN_FRAMEWORK_HEADER = YES;
				CLANG_WARN_RANGE_LOOP_ANALYSIS = YES;
				CLANG_WARN_STRICT_PROTOTYPES = YES;
				CLANG_WARN_SUSPICIOUS_MOVE = YES;
				CLANG_WARN_UNGUARDED_AVAILABILITY = YES_AGGRESSIVE;
				CLANG_WARN_UNREACHABLE_CODE = YES;
				CLANG_WARN__DUPLICATE_METHOD_MATCH = YES;
				COPY_PHASE_STRIP = NO;
				DEBUG_INFORMATION_FORMAT = "dwarf-with-dsym";
				ENABLE_NS_ASSERTIONS = NO;
				ENABLE_STRICT_OBJC_MSGSEND = YES;
				GCC_C_LANGUAGE_STANDARD = gnu11;
				GCC_NO_COMMON_BLOCKS = YES;
				GCC_WARN_64_TO_32_BIT_CONVERSION = YES;
				GCC_WARN_ABOUT_RETURN_TYPE = YES_ERROR;
				GCC_WARN_UNDECLARED_SELECTOR = YES;
				GCC_WARN_UNINITIALIZED_AUTOS = YES_AGGRESSIVE;
				GCC_WARN_UNUSED_FUNCTION = YES;
				GCC_WARN_UNUSED_VARIABLE = YES;
				IPHONEOS_DEPLOYMENT_TARGET = 16.4;
				MTL_ENABLE_DEBUG_INFO = NO;
				MTL_FAST_MATH = YES;
				SDKROOT = iphoneos;
				SWIFT_COMPILATION_MODE = wholemodule;
				SWIFT_OPTIMIZATION_LEVEL = "-O";
				VALIDATE_PRODUCT = YES;
			};
			name = Release;
		};
		A2C9B90A2A8FF1E20019882C /* Debug */ = {
			isa = XCBuildConfiguration;
			buildSettings = {
				ASSETCATALOG_COMPILER_APPICON_NAME = AppIcon;
				ASSETCATALOG_COMPILER_GLOBAL_ACCENT_COLOR_NAME = AccentColor;
				CODE_SIGN_STYLE = Automatic;
				CURRENT_PROJECT_VERSION = 1;
				DEVELOPMENT_ASSET_PATHS = "\"BeCoin/Preview Content\"";
				DEVELOPMENT_TEAM = 2Q448G8AH2;
				ENABLE_PREVIEWS = YES;
				GENERATE_INFOPLIST_FILE = YES;
				INFOPLIST_KEY_CFBundleDisplayName = BeCoin;
				INFOPLIST_KEY_LSApplicationCategoryType = "public.app-category.finance";
				INFOPLIST_KEY_UIApplicationSceneManifest_Generation = YES;
				INFOPLIST_KEY_UIApplicationSupportsIndirectInputEvents = YES;
				INFOPLIST_KEY_UILaunchScreen_Generation = YES;
				INFOPLIST_KEY_UISupportedInterfaceOrientations = UIInterfaceOrientationPortrait;
				LD_RUNPATH_SEARCH_PATHS = (
					"$(inherited)",
					"@executable_path/Frameworks",
				);
				MARKETING_VERSION = 1.0;
				PRODUCT_BUNDLE_IDENTIFIER = com.andreporto.BeCoin;
				PRODUCT_NAME = "$(TARGET_NAME)";
				SWIFT_EMIT_LOC_STRINGS = YES;
				SWIFT_VERSION = 5.0;
				TARGETED_DEVICE_FAMILY = "1,2";
			};
			name = Debug;
		};
		A2C9B90B2A8FF1E20019882C /* Release */ = {
			isa = XCBuildConfiguration;
			buildSettings = {
				ASSETCATALOG_COMPILER_APPICON_NAME = AppIcon;
				ASSETCATALOG_COMPILER_GLOBAL_ACCENT_COLOR_NAME = AccentColor;
				CODE_SIGN_STYLE = Automatic;
				CURRENT_PROJECT_VERSION = 1;
				DEVELOPMENT_ASSET_PATHS = "\"BeCoin/Preview Content\"";
				DEVELOPMENT_TEAM = 2Q448G8AH2;
				ENABLE_PREVIEWS = YES;
				GENERATE_INFOPLIST_FILE = YES;
				INFOPLIST_KEY_CFBundleDisplayName = BeCoin;
				INFOPLIST_KEY_LSApplicationCategoryType = "public.app-category.finance";
				INFOPLIST_KEY_UIApplicationSceneManifest_Generation = YES;
				INFOPLIST_KEY_UIApplicationSupportsIndirectInputEvents = YES;
				INFOPLIST_KEY_UILaunchScreen_Generation = YES;
				INFOPLIST_KEY_UISupportedInterfaceOrientations = UIInterfaceOrientationPortrait;
				LD_RUNPATH_SEARCH_PATHS = (
					"$(inherited)",
					"@executable_path/Frameworks",
				);
				MARKETING_VERSION = 1.0;
				PRODUCT_BUNDLE_IDENTIFIER = com.andreporto.BeCoin;
				PRODUCT_NAME = "$(TARGET_NAME)";
				SWIFT_EMIT_LOC_STRINGS = YES;
				SWIFT_VERSION = 5.0;
				TARGETED_DEVICE_FAMILY = "1,2";
			};
			name = Release;
		};
/* End XCBuildConfiguration section */

/* Begin XCConfigurationList section */
		A2C9B8F62A8FF1E10019882C /* Build configuration list for PBXProject "BeCoin" */ = {
			isa = XCConfigurationList;
			buildConfigurations = (
				A2C9B9072A8FF1E20019882C /* Debug */,
				A2C9B9082A8FF1E20019882C /* Release */,
			);
			defaultConfigurationIsVisible = 0;
			defaultConfigurationName = Release;
		};
		A2C9B9092A8FF1E20019882C /* Build configuration list for PBXNativeTarget "BeCoin" */ = {
			isa = XCConfigurationList;
			buildConfigurations = (
				A2C9B90A2A8FF1E20019882C /* Debug */,
				A2C9B90B2A8FF1E20019882C /* Release */,
			);
			defaultConfigurationIsVisible = 0;
			defaultConfigurationName = Release;
		};
/* End XCConfigurationList section */
	};
	rootObject = A2C9B8F32A8FF1E10019882C /* Project object */;
}
