// !$*UTF8*$!
{
	archiveVersion = 1;
	classes = {
	};
	objectVersion = 56;
	objects = {

/* Begin PBXBuildFile section */
		A211C8E62AA10CBC0001D4ED /* Assets.xcassets in Resources */ = {isa = PBXBuildFile; fileRef = A211C8E52AA10CBC0001D4ED /* Assets.xcassets */; };
		A21BB9162A96343F008724DC /* NetworkingManager.swift in Sources */ = {isa = PBXBuildFile; fileRef = A21BB9152A96343F008724DC /* NetworkingManager.swift */; };
		A21BB9192A9641C3008724DC /* CoinImageView.swift in Sources */ = {isa = PBXBuildFile; fileRef = A21BB9182A9641C3008724DC /* CoinImageView.swift */; };
		A21BB91B2A9643C4008724DC /* CoinImageService.swift in Sources */ = {isa = PBXBuildFile; fileRef = A21BB91A2A9643C4008724DC /* CoinImageService.swift */; };
		A21BB91D2A96466B008724DC /* CoinImageViewModel.swift in Sources */ = {isa = PBXBuildFile; fileRef = A21BB91C2A96466B008724DC /* CoinImageViewModel.swift */; };
		A22292D12A98DCE300163FB7 /* PortfolioView.swift in Sources */ = {isa = PBXBuildFile; fileRef = A22292D02A98DCE300163FB7 /* PortfolioView.swift */; };
		A22292D32A98E16100163FB7 /* XMarkButton.swift in Sources */ = {isa = PBXBuildFile; fileRef = A22292D22A98E16100163FB7 /* XMarkButton.swift */; };
		A2233E612A9F765F008B0BED /* DetailView.swift in Sources */ = {isa = PBXBuildFile; fileRef = A2233E602A9F765E008B0BED /* DetailView.swift */; };
		A2275A792AA20A4A00615253 /* SettingsView.swift in Sources */ = {isa = PBXBuildFile; fileRef = A2275A782AA20A4A00615253 /* SettingsView.swift */; };
		A23E48442A94CBB100B85154 /* CoinRowView.swift in Sources */ = {isa = PBXBuildFile; fileRef = A23E48432A94CBB100B85154 /* CoinRowView.swift */; };
		A23E48462A94CC5A00B85154 /* PreviewProvider.swift in Sources */ = {isa = PBXBuildFile; fileRef = A23E48452A94CC5A00B85154 /* PreviewProvider.swift */; };
		A23E48482A94DED600B85154 /* Double.swift in Sources */ = {isa = PBXBuildFile; fileRef = A23E48472A94DED600B85154 /* Double.swift */; };
		A23E484A2A94F2EF00B85154 /* HomeViewModel.swift in Sources */ = {isa = PBXBuildFile; fileRef = A23E48492A94F2EF00B85154 /* HomeViewModel.swift */; };
		A23E484D2A94FD8700B85154 /* CoinDataService.swift in Sources */ = {isa = PBXBuildFile; fileRef = A23E484C2A94FD8700B85154 /* CoinDataService.swift */; };
		A27790422A98ECD70070E2BA /* ButtonComponent.swift in Sources */ = {isa = PBXBuildFile; fileRef = A27790412A98ECD70070E2BA /* ButtonComponent.swift */; };
		A27FA5AF2A9E677100171F20 /* PortfolioContainer.xcdatamodeld in Sources */ = {isa = PBXBuildFile; fileRef = A27FA5AD2A9E677100171F20 /* PortfolioContainer.xcdatamodeld */; };
		A27FA5B12A9E685800171F20 /* PortfolioDataService.swift in Sources */ = {isa = PBXBuildFile; fileRef = A27FA5B02A9E685800171F20 /* PortfolioDataService.swift */; };
		A27FA5B32A9E8B7500171F20 /* HapticManager.swift in Sources */ = {isa = PBXBuildFile; fileRef = A27FA5B22A9E8B7500171F20 /* HapticManager.swift */; };
		A28B64AB2AA0C96B003339F9 /* ChartView.swift in Sources */ = {isa = PBXBuildFile; fileRef = A28B64AA2AA0C96B003339F9 /* ChartView.swift */; };
		A28B64AD2AA0DB11003339F9 /* Date.swift in Sources */ = {isa = PBXBuildFile; fileRef = A28B64AC2AA0DB11003339F9 /* Date.swift */; };
		A2933C022A9CB975006CA74D /* CoinLogoView.swift in Sources */ = {isa = PBXBuildFile; fileRef = A2933C012A9CB975006CA74D /* CoinLogoView.swift */; };
		A29B74592AA2785D0059D35C /* LaunchScreen.storyboard in Resources */ = {isa = PBXBuildFile; fileRef = A29B74582AA2785D0059D35C /* LaunchScreen.storyboard */; };
		A29B745B2AA27CBD0059D35C /* LaunchView.swift in Sources */ = {isa = PBXBuildFile; fileRef = A29B745A2AA27CBD0059D35C /* LaunchView.swift */; };
		A2B4F0CA2A97CDD300821A82 /* StatisticModel.swift in Sources */ = {isa = PBXBuildFile; fileRef = A2B4F0C92A97CDD300821A82 /* StatisticModel.swift */; };
		A2B4F0CC2A97CF9E00821A82 /* StatisticView.swift in Sources */ = {isa = PBXBuildFile; fileRef = A2B4F0CB2A97CF9E00821A82 /* StatisticView.swift */; };
		A2B4F0CE2A97D6A200821A82 /* HomeStatsView.swift in Sources */ = {isa = PBXBuildFile; fileRef = A2B4F0CD2A97D6A200821A82 /* HomeStatsView.swift */; };
		A2B4F0D02A97E39B00821A82 /* MarketDataModel.swift in Sources */ = {isa = PBXBuildFile; fileRef = A2B4F0CF2A97E39B00821A82 /* MarketDataModel.swift */; };
		A2B4F0D22A97E8DA00821A82 /* MarketDataService.swift in Sources */ = {isa = PBXBuildFile; fileRef = A2B4F0D12A97E8DA00821A82 /* MarketDataService.swift */; };
		A2BB47092A9FC2BB0052AF26 /* CoinDetailModel.swift in Sources */ = {isa = PBXBuildFile; fileRef = A2BB47082A9FC2BB0052AF26 /* CoinDetailModel.swift */; };
		A2BB470B2A9FCB240052AF26 /* DetailViewModel.swift in Sources */ = {isa = PBXBuildFile; fileRef = A2BB470A2A9FCB240052AF26 /* DetailViewModel.swift */; };
		A2BB470D2A9FCB7E0052AF26 /* CoinDetailDataService.swift in Sources */ = {isa = PBXBuildFile; fileRef = A2BB470C2A9FCB7E0052AF26 /* CoinDetailDataService.swift */; };
		A2C9B8FF2A8FF1E10019882C /* BeCoinApp.swift in Sources */ = {isa = PBXBuildFile; fileRef = A2C9B8FE2A8FF1E10019882C /* BeCoinApp.swift */; };
		A2C9B9012A8FF1E10019882C /* ContentView.swift in Sources */ = {isa = PBXBuildFile; fileRef = A2C9B9002A8FF1E10019882C /* ContentView.swift */; };
		A2C9B9062A8FF1E20019882C /* Preview Assets.xcassets in Resources */ = {isa = PBXBuildFile; fileRef = A2C9B9052A8FF1E20019882C /* Preview Assets.xcassets */; };
		A2C9B9102A8FF4B00019882C /* Color.swift in Sources */ = {isa = PBXBuildFile; fileRef = A2C9B90F2A8FF4B00019882C /* Color.swift */; };
		A2D4D19A2A93DD8F00FDAB52 /* HomeView.swift in Sources */ = {isa = PBXBuildFile; fileRef = A2D4D1992A93DD8F00FDAB52 /* HomeView.swift */; };
		A2D4D19E2A93E13000FDAB52 /* CircleButtonView.swift in Sources */ = {isa = PBXBuildFile; fileRef = A2D4D19D2A93E13000FDAB52 /* CircleButtonView.swift */; };
		A2DA444E2A93E7F90095791D /* CircleButtonAnimationView.swift in Sources */ = {isa = PBXBuildFile; fileRef = A2DA444D2A93E7F90095791D /* CircleButtonAnimationView.swift */; };
		A2DA44512A93EC180095791D /* CoinModel.swift in Sources */ = {isa = PBXBuildFile; fileRef = A2DA44502A93EC180095791D /* CoinModel.swift */; };
		A2EBBA192A97780B00A124A9 /* LocalFileManager.swift in Sources */ = {isa = PBXBuildFile; fileRef = A2EBBA182A97780B00A124A9 /* LocalFileManager.swift */; };
		A2EBBA1B2A97925E00A124A9 /* SearchBarView.swift in Sources */ = {isa = PBXBuildFile; fileRef = A2EBBA1A2A97925E00A124A9 /* SearchBarView.swift */; };
		A2EBBA1D2A979BDD00A124A9 /* UIApplication.swift in Sources */ = {isa = PBXBuildFile; fileRef = A2EBBA1C2A979BDD00A124A9 /* UIApplication.swift */; };
		A2F1A8D52AA11F6800E1E484 /* String.swift in Sources */ = {isa = PBXBuildFile; fileRef = A2F1A8D42AA11F6800E1E484 /* String.swift */; };
/* End PBXBuildFile section */

/* Begin PBXFileReference section */
		A211C8E52AA10CBC0001D4ED /* Assets.xcassets */ = {isa = PBXFileReference; lastKnownFileType = folder.assetcatalog; path = Assets.xcassets; sourceTree = "<group>"; };
		A21BB9152A96343F008724DC /* NetworkingManager.swift */ = {isa = PBXFileReference; lastKnownFileType = sourcecode.swift; path = NetworkingManager.swift; sourceTree = "<group>"; };
		A21BB9182A9641C3008724DC /* CoinImageView.swift */ = {isa = PBXFileReference; lastKnownFileType = sourcecode.swift; path = CoinImageView.swift; sourceTree = "<group>"; };
		A21BB91A2A9643C4008724DC /* CoinImageService.swift */ = {isa = PBXFileReference; lastKnownFileType = sourcecode.swift; path = CoinImageService.swift; sourceTree = "<group>"; };
		A21BB91C2A96466B008724DC /* CoinImageViewModel.swift */ = {isa = PBXFileReference; lastKnownFileType = sourcecode.swift; path = CoinImageViewModel.swift; sourceTree = "<group>"; };
		A22292D02A98DCE300163FB7 /* PortfolioView.swift */ = {isa = PBXFileReference; lastKnownFileType = sourcecode.swift; path = PortfolioView.swift; sourceTree = "<group>"; };
		A22292D22A98E16100163FB7 /* XMarkButton.swift */ = {isa = PBXFileReference; lastKnownFileType = sourcecode.swift; path = XMarkButton.swift; sourceTree = "<group>"; };
		A2233E602A9F765E008B0BED /* DetailView.swift */ = {isa = PBXFileReference; lastKnownFileType = sourcecode.swift; path = DetailView.swift; sourceTree = "<group>"; };
		A2275A782AA20A4A00615253 /* SettingsView.swift */ = {isa = PBXFileReference; lastKnownFileType = sourcecode.swift; path = SettingsView.swift; sourceTree = "<group>"; };
		A23E48432A94CBB100B85154 /* CoinRowView.swift */ = {isa = PBXFileReference; lastKnownFileType = sourcecode.swift; path = CoinRowView.swift; sourceTree = "<group>"; };
		A23E48452A94CC5A00B85154 /* PreviewProvider.swift */ = {isa = PBXFileReference; lastKnownFileType = sourcecode.swift; path = PreviewProvider.swift; sourceTree = "<group>"; };
		A23E48472A94DED600B85154 /* Double.swift */ = {isa = PBXFileReference; lastKnownFileType = sourcecode.swift; path = Double.swift; sourceTree = "<group>"; };
		A23E48492A94F2EF00B85154 /* HomeViewModel.swift */ = {isa = PBXFileReference; lastKnownFileType = sourcecode.swift; path = HomeViewModel.swift; sourceTree = "<group>"; };
		A23E484C2A94FD8700B85154 /* CoinDataService.swift */ = {isa = PBXFileReference; lastKnownFileType = sourcecode.swift; path = CoinDataService.swift; sourceTree = "<group>"; };
		A27790412A98ECD70070E2BA /* ButtonComponent.swift */ = {isa = PBXFileReference; lastKnownFileType = sourcecode.swift; path = ButtonComponent.swift; sourceTree = "<group>"; };
		A27FA5AE2A9E677100171F20 /* PortfolioContainer.xcdatamodel */ = {isa = PBXFileReference; lastKnownFileType = wrapper.xcdatamodel; path = PortfolioContainer.xcdatamodel; sourceTree = "<group>"; };
		A27FA5B02A9E685800171F20 /* PortfolioDataService.swift */ = {isa = PBXFileReference; lastKnownFileType = sourcecode.swift; path = PortfolioDataService.swift; sourceTree = "<group>"; };
		A27FA5B22A9E8B7500171F20 /* HapticManager.swift */ = {isa = PBXFileReference; lastKnownFileType = sourcecode.swift; path = HapticManager.swift; sourceTree = "<group>"; };
		A28B64AA2AA0C96B003339F9 /* ChartView.swift */ = {isa = PBXFileReference; lastKnownFileType = sourcecode.swift; path = ChartView.swift; sourceTree = "<group>"; };
		A28B64AC2AA0DB11003339F9 /* Date.swift */ = {isa = PBXFileReference; lastKnownFileType = sourcecode.swift; path = Date.swift; sourceTree = "<group>"; };
		A2933C012A9CB975006CA74D /* CoinLogoView.swift */ = {isa = PBXFileReference; lastKnownFileType = sourcecode.swift; path = CoinLogoView.swift; sourceTree = "<group>"; };
		A29B74582AA2785D0059D35C /* LaunchScreen.storyboard */ = {isa = PBXFileReference; lastKnownFileType = file.storyboard; path = LaunchScreen.storyboard; sourceTree = "<group>"; };
		A29B745A2AA27CBD0059D35C /* LaunchView.swift */ = {isa = PBXFileReference; lastKnownFileType = sourcecode.swift; path = LaunchView.swift; sourceTree = "<group>"; };
		A2B4F0C92A97CDD300821A82 /* StatisticModel.swift */ = {isa = PBXFileReference; lastKnownFileType = sourcecode.swift; path = StatisticModel.swift; sourceTree = "<group>"; };
		A2B4F0CB2A97CF9E00821A82 /* StatisticView.swift */ = {isa = PBXFileReference; lastKnownFileType = sourcecode.swift; path = StatisticView.swift; sourceTree = "<group>"; };
		A2B4F0CD2A97D6A200821A82 /* HomeStatsView.swift */ = {isa = PBXFileReference; lastKnownFileType = sourcecode.swift; path = HomeStatsView.swift; sourceTree = "<group>"; };
		A2B4F0CF2A97E39B00821A82 /* MarketDataModel.swift */ = {isa = PBXFileReference; lastKnownFileType = sourcecode.swift; path = MarketDataModel.swift; sourceTree = "<group>"; };
		A2B4F0D12A97E8DA00821A82 /* MarketDataService.swift */ = {isa = PBXFileReference; lastKnownFileType = sourcecode.swift; path = MarketDataService.swift; sourceTree = "<group>"; };
		A2BB47082A9FC2BB0052AF26 /* CoinDetailModel.swift */ = {isa = PBXFileReference; lastKnownFileType = sourcecode.swift; path = CoinDetailModel.swift; sourceTree = "<group>"; };
		A2BB470A2A9FCB240052AF26 /* DetailViewModel.swift */ = {isa = PBXFileReference; lastKnownFileType = sourcecode.swift; path = DetailViewModel.swift; sourceTree = "<group>"; };
		A2BB470C2A9FCB7E0052AF26 /* CoinDetailDataService.swift */ = {isa = PBXFileReference; lastKnownFileType = sourcecode.swift; path = CoinDetailDataService.swift; sourceTree = "<group>"; };
		A2C9B8FB2A8FF1E10019882C /* BeCoin.app */ = {isa = PBXFileReference; explicitFileType = wrapper.application; includeInIndex = 0; path = BeCoin.app; sourceTree = BUILT_PRODUCTS_DIR; };
		A2C9B8FE2A8FF1E10019882C /* BeCoinApp.swift */ = {isa = PBXFileReference; lastKnownFileType = sourcecode.swift; path = BeCoinApp.swift; sourceTree = "<group>"; };
		A2C9B9002A8FF1E10019882C /* ContentView.swift */ = {isa = PBXFileReference; lastKnownFileType = sourcecode.swift; path = ContentView.swift; sourceTree = "<group>"; };
		A2C9B9052A8FF1E20019882C /* Preview Assets.xcassets */ = {isa = PBXFileReference; lastKnownFileType = folder.assetcatalog; path = "Preview Assets.xcassets"; sourceTree = "<group>"; };
		A2C9B90F2A8FF4B00019882C /* Color.swift */ = {isa = PBXFileReference; lastKnownFileType = sourcecode.swift; path = Color.swift; sourceTree = "<group>"; };
		A2D4D1992A93DD8F00FDAB52 /* HomeView.swift */ = {isa = PBXFileReference; lastKnownFileType = sourcecode.swift; path = HomeView.swift; sourceTree = "<group>"; };
		A2D4D19D2A93E13000FDAB52 /* CircleButtonView.swift */ = {isa = PBXFileReference; lastKnownFileType = sourcecode.swift; path = CircleButtonView.swift; sourceTree = "<group>"; };
		A2DA444D2A93E7F90095791D /* CircleButtonAnimationView.swift */ = {isa = PBXFileReference; lastKnownFileType = sourcecode.swift; path = CircleButtonAnimationView.swift; sourceTree = "<group>"; };
		A2DA44502A93EC180095791D /* CoinModel.swift */ = {isa = PBXFileReference; lastKnownFileType = sourcecode.swift; path = CoinModel.swift; sourceTree = "<group>"; };
		A2EBBA182A97780B00A124A9 /* LocalFileManager.swift */ = {isa = PBXFileReference; lastKnownFileType = sourcecode.swift; path = LocalFileManager.swift; sourceTree = "<group>"; };
		A2EBBA1A2A97925E00A124A9 /* SearchBarView.swift */ = {isa = PBXFileReference; lastKnownFileType = sourcecode.swift; path = SearchBarView.swift; sourceTree = "<group>"; };
		A2EBBA1C2A979BDD00A124A9 /* UIApplication.swift */ = {isa = PBXFileReference; lastKnownFileType = sourcecode.swift; path = UIApplication.swift; sourceTree = "<group>"; };
		A2F1A8D42AA11F6800E1E484 /* String.swift */ = {isa = PBXFileReference; lastKnownFileType = sourcecode.swift; path = String.swift; sourceTree = "<group>"; };
/* End PBXFileReference section */

/* Begin PBXFrameworksBuildPhase section */
		A2C9B8F82A8FF1E10019882C /* Frameworks */ = {
			isa = PBXFrameworksBuildPhase;
			buildActionMask = 2147483647;
			files = (
			);
			runOnlyForDeploymentPostprocessing = 0;
		};
/* End PBXFrameworksBuildPhase section */

/* Begin PBXGroup section */
		A21BB9142A9633FF008724DC /* Utilities */ = {
			isa = PBXGroup;
			children = (
				A21BB9152A96343F008724DC /* NetworkingManager.swift */,
				A2EBBA182A97780B00A124A9 /* LocalFileManager.swift */,
				A27FA5B22A9E8B7500171F20 /* HapticManager.swift */,
			);
			path = Utilities;
			sourceTree = "<group>";
		};
		A21BB9172A9641AB008724DC /* CoinImage */ = {
			isa = PBXGroup;
			children = (
				A21BB9182A9641C3008724DC /* CoinImageView.swift */,
				A21BB91C2A96466B008724DC /* CoinImageViewModel.swift */,
				A2933C012A9CB975006CA74D /* CoinLogoView.swift */,
			);
			path = CoinImage;
			sourceTree = "<group>";
		};
		A2233E5D2A9F75FF008B0BED /* Detail */ = {
			isa = PBXGroup;
			children = (
				A2233E5E2A9F762B008B0BED /* ViewModels */,
				A2233E5F2A9F763B008B0BED /* Views */,
			);
			path = Detail;
			sourceTree = "<group>";
		};
		A2233E5E2A9F762B008B0BED /* ViewModels */ = {
			isa = PBXGroup;
			children = (
				A2BB470A2A9FCB240052AF26 /* DetailViewModel.swift */,
				A23B20C72AA0AE700094573E /* New Group */,
			);
			path = ViewModels;
			sourceTree = "<group>";
		};
		A2233E5F2A9F763B008B0BED /* Views */ = {
			isa = PBXGroup;
			children = (
				A2233E602A9F765E008B0BED /* DetailView.swift */,
				A28B64AA2AA0C96B003339F9 /* ChartView.swift */,
			);
			path = Views;
			sourceTree = "<group>";
		};
		A2275A762AA209F300615253 /* Settings */ = {
			isa = PBXGroup;
			children = (
				A2275A772AA20A2500615253 /* Views */,
			);
			path = Settings;
			sourceTree = "<group>";
		};
		A2275A772AA20A2500615253 /* Views */ = {
			isa = PBXGroup;
			children = (
				A2275A782AA20A4A00615253 /* SettingsView.swift */,
			);
			path = Views;
			sourceTree = "<group>";
		};
		A23B20C72AA0AE700094573E /* New Group */ = {
			isa = PBXGroup;
			children = (
			);
			path = "New Group";
			sourceTree = "<group>";
		};
		A23E484B2A94FD3A00B85154 /* Services */ = {
			isa = PBXGroup;
			children = (
				A23E484C2A94FD8700B85154 /* CoinDataService.swift */,
				A2BB470C2A9FCB7E0052AF26 /* CoinDetailDataService.swift */,
				A21BB91A2A9643C4008724DC /* CoinImageService.swift */,
				A2B4F0D12A97E8DA00821A82 /* MarketDataService.swift */,
				A27FA5B02A9E685800171F20 /* PortfolioDataService.swift */,
			);
			path = Services;
			sourceTree = "<group>";
		};
		A29B74562AA278160059D35C /* Launch */ = {
			isa = PBXGroup;
			children = (
				A29B74572AA278240059D35C /* View */,
			);
			path = Launch;
			sourceTree = "<group>";
		};
		A29B74572AA278240059D35C /* View */ = {
			isa = PBXGroup;
			children = (
				A29B74582AA2785D0059D35C /* LaunchScreen.storyboard */,
				A29B745A2AA27CBD0059D35C /* LaunchView.swift */,
			);
			path = View;
			sourceTree = "<group>";
		};
		A2C9B8F22A8FF1E10019882C = {
			isa = PBXGroup;
			children = (
				A2C9B8FD2A8FF1E10019882C /* BeCoin */,
				A2C9B8FC2A8FF1E10019882C /* Products */,
			);
			sourceTree = "<group>";
		};
		A2C9B8FC2A8FF1E10019882C /* Products */ = {
			isa = PBXGroup;
			children = (
				A2C9B8FB2A8FF1E10019882C /* BeCoin.app */,
			);
			name = Products;
			sourceTree = "<group>";
		};
		A2C9B8FD2A8FF1E10019882C /* BeCoin */ = {
			isa = PBXGroup;
			children = (
				A2C9B8FE2A8FF1E10019882C /* BeCoinApp.swift */,
				A21BB9142A9633FF008724DC /* Utilities */,
				A2C9B90E2A8FF48F0019882C /* Extensions */,
				A23E484B2A94FD3A00B85154 /* Services */,
				A2DA444F2A93EBDE0095791D /* Models */,
				A2D4D1952A93DCDB00FDAB52 /* Core */,
				A2C9B9002A8FF1E10019882C /* ContentView.swift */,
				A211C8E52AA10CBC0001D4ED /* Assets.xcassets */,
				A2C9B9042A8FF1E20019882C /* Preview Content */,
			);
			path = BeCoin;
			sourceTree = "<group>";
		};
		A2C9B9042A8FF1E20019882C /* Preview Content */ = {
			isa = PBXGroup;
			children = (
				A2C9B9052A8FF1E20019882C /* Preview Assets.xcassets */,
			);
			path = "Preview Content";
			sourceTree = "<group>";
		};
		A2C9B90E2A8FF48F0019882C /* Extensions */ = {
			isa = PBXGroup;
			children = (
				A2C9B90F2A8FF4B00019882C /* Color.swift */,
				A28B64AC2AA0DB11003339F9 /* Date.swift */,
				A23E48472A94DED600B85154 /* Double.swift */,
				A23E48452A94CC5A00B85154 /* PreviewProvider.swift */,
				A2EBBA1C2A979BDD00A124A9 /* UIApplication.swift */,
				A2F1A8D42AA11F6800E1E484 /* String.swift */,
			);
			path = Extensions;
			sourceTree = "<group>";
		};
		A2D4D1952A93DCDB00FDAB52 /* Core */ = {
			isa = PBXGroup;
			children = (
				A2D4D19B2A93E0E800FDAB52 /* Components */,
				A29B74562AA278160059D35C /* Launch */,
				A2D4D1962A93DD0C00FDAB52 /* Home */,
				A2233E5D2A9F75FF008B0BED /* Detail */,
				A2275A762AA209F300615253 /* Settings */,
			);
			path = Core;
			sourceTree = "<group>";
		};
		A2D4D1962A93DD0C00FDAB52 /* Home */ = {
			isa = PBXGroup;
			children = (
				A2D4D1982A93DD2F00FDAB52 /* ViewModels */,
				A2D4D1972A93DD2400FDAB52 /* Views */,
			);
			path = Home;
			sourceTree = "<group>";
		};
		A2D4D1972A93DD2400FDAB52 /* Views */ = {
			isa = PBXGroup;
			children = (
				A2D4D1992A93DD8F00FDAB52 /* HomeView.swift */,
				A2B4F0CD2A97D6A200821A82 /* HomeStatsView.swift */,
				A23E48432A94CBB100B85154 /* CoinRowView.swift */,
				A22292D02A98DCE300163FB7 /* PortfolioView.swift */,
			);
			path = Views;
			sourceTree = "<group>";
		};
		A2D4D1982A93DD2F00FDAB52 /* ViewModels */ = {
			isa = PBXGroup;
			children = (
				A23E48492A94F2EF00B85154 /* HomeViewModel.swift */,
			);
			path = ViewModels;
			sourceTree = "<group>";
		};
		A2D4D19B2A93E0E800FDAB52 /* Components */ = {
			isa = PBXGroup;
			children = (
				A21BB9172A9641AB008724DC /* CoinImage */,
				A2D4D19C2A93E10B00FDAB52 /* CircleButton */,
				A2EBBA1A2A97925E00A124A9 /* SearchBarView.swift */,
				A2B4F0CB2A97CF9E00821A82 /* StatisticView.swift */,
				A22292D22A98E16100163FB7 /* XMarkButton.swift */,
				A27790412A98ECD70070E2BA /* ButtonComponent.swift */,
			);
			path = Components;
			sourceTree = "<group>";
		};
		A2D4D19C2A93E10B00FDAB52 /* CircleButton */ = {
			isa = PBXGroup;
			children = (
				A2D4D19D2A93E13000FDAB52 /* CircleButtonView.swift */,
				A2DA444D2A93E7F90095791D /* CircleButtonAnimationView.swift */,
			);
			path = CircleButton;
			sourceTree = "<group>";
		};
		A2DA444F2A93EBDE0095791D /* Models */ = {
			isa = PBXGroup;
			children = (
				A2DA44502A93EC180095791D /* CoinModel.swift */,
				A2BB47082A9FC2BB0052AF26 /* CoinDetailModel.swift */,
				A2B4F0C92A97CDD300821A82 /* StatisticModel.swift */,
				A2B4F0CF2A97E39B00821A82 /* MarketDataModel.swift */,
				A27FA5AD2A9E677100171F20 /* PortfolioContainer.xcdatamodeld */,
			);
			path = Models;
			sourceTree = "<group>";
		};
/* End PBXGroup section */

/* Begin PBXNativeTarget section */
		A2C9B8FA2A8FF1E10019882C /* BeCoin */ = {
			isa = PBXNativeTarget;
			buildConfigurationList = A2C9B9092A8FF1E20019882C /* Build configuration list for PBXNativeTarget "BeCoin" */;
			buildPhases = (
				A2C9B8F72A8FF1E10019882C /* Sources */,
				A2C9B8F82A8FF1E10019882C /* Frameworks */,
				A2C9B8F92A8FF1E10019882C /* Resources */,
			);
			buildRules = (
			);
			dependencies = (
			);
			name = BeCoin;
			productName = BeCoin;
			productReference = A2C9B8FB2A8FF1E10019882C /* BeCoin.app */;
			productType = "com.apple.product-type.application";
		};
/* End PBXNativeTarget section */

/* Begin PBXProject section */
		A2C9B8F32A8FF1E10019882C /* Project object */ = {
			isa = PBXProject;
			attributes = {
				BuildIndependentTargetsInParallel = 1;
				LastSwiftUpdateCheck = 1430;
				LastUpgradeCheck = 1430;
				TargetAttributes = {
					A2C9B8FA2A8FF1E10019882C = {
						CreatedOnToolsVersion = 14.3.1;
					};
				};
			};
			buildConfigurationList = A2C9B8F62A8FF1E10019882C /* Build configuration list for PBXProject "BeCoin" */;
			compatibilityVersion = "Xcode 14.0";
			developmentRegion = en;
			hasScannedForEncodings = 0;
			knownRegions = (
				en,
				Base,
			);
			mainGroup = A2C9B8F22A8FF1E10019882C;
			productRefGroup = A2C9B8FC2A8FF1E10019882C /* Products */;
			projectDirPath = "";
			projectRoot = "";
			targets = (
				A2C9B8FA2A8FF1E10019882C /* BeCoin */,
			);
		};
/* End PBXProject section */

/* Begin PBXResourcesBuildPhase section */
		A2C9B8F92A8FF1E10019882C /* Resources */ = {
			isa = PBXResourcesBuildPhase;
			buildActionMask = 2147483647;
			files = (
				A29B74592AA2785D0059D35C /* LaunchScreen.storyboard in Resources */,
				A2C9B9062A8FF1E20019882C /* Preview Assets.xcassets in Resources */,
				A211C8E62AA10CBC0001D4ED /* Assets.xcassets in Resources */,
			);
			runOnlyForDeploymentPostprocessing = 0;
		};
/* End PBXResourcesBuildPhase section */

/* Begin PBXSourcesBuildPhase section */
		A2C9B8F72A8FF1E10019882C /* Sources */ = {
			isa = PBXSourcesBuildPhase;
			buildActionMask = 2147483647;
			files = (
				A2F1A8D52AA11F6800E1E484 /* String.swift in Sources */,
				A29B745B2AA27CBD0059D35C /* LaunchView.swift in Sources */,
				A2B4F0CA2A97CDD300821A82 /* StatisticModel.swift in Sources */,
				A23E484D2A94FD8700B85154 /* CoinDataService.swift in Sources */,
				A23E48442A94CBB100B85154 /* CoinRowView.swift in Sources */,
				A22292D32A98E16100163FB7 /* XMarkButton.swift in Sources */,
				A23E484A2A94F2EF00B85154 /* HomeViewModel.swift in Sources */,
				A2C9B9012A8FF1E10019882C /* ContentView.swift in Sources */,
				A2933C022A9CB975006CA74D /* CoinLogoView.swift in Sources */,
				A2BB47092A9FC2BB0052AF26 /* CoinDetailModel.swift in Sources */,
				A2EBBA192A97780B00A124A9 /* LocalFileManager.swift in Sources */,
				A27790422A98ECD70070E2BA /* ButtonComponent.swift in Sources */,
				A2B4F0D02A97E39B00821A82 /* MarketDataModel.swift in Sources */,
				A2275A792AA20A4A00615253 /* SettingsView.swift in Sources */,
				A27FA5B12A9E685800171F20 /* PortfolioDataService.swift in Sources */,
				A2D4D19A2A93DD8F00FDAB52 /* HomeView.swift in Sources */,
				A2B4F0CC2A97CF9E00821A82 /* StatisticView.swift in Sources */,
				A21BB9192A9641C3008724DC /* CoinImageView.swift in Sources */,
				A2C9B8FF2A8FF1E10019882C /* BeCoinApp.swift in Sources */,
				A2EBBA1D2A979BDD00A124A9 /* UIApplication.swift in Sources */,
				A2BB470B2A9FCB240052AF26 /* DetailViewModel.swift in Sources */,
				A2D4D19E2A93E13000FDAB52 /* CircleButtonView.swift in Sources */,
				A2C9B9102A8FF4B00019882C /* Color.swift in Sources */,
				A2EBBA1B2A97925E00A124A9 /* SearchBarView.swift in Sources */,
				A21BB9162A96343F008724DC /* NetworkingManager.swift in Sources */,
				A2B4F0CE2A97D6A200821A82 /* HomeStatsView.swift in Sources */,
				A28B64AB2AA0C96B003339F9 /* ChartView.swift in Sources */,
				A2B4F0D22A97E8DA00821A82 /* MarketDataService.swift in Sources */,
				A2DA444E2A93E7F90095791D /* CircleButtonAnimationView.swift in Sources */,
				A27FA5AF2A9E677100171F20 /* PortfolioContainer.xcdatamodeld in Sources */,
				A2BB470D2A9FCB7E0052AF26 /* CoinDetailDataService.swift in Sources */,
				A21BB91D2A96466B008724DC /* CoinImageViewModel.swift in Sources */,
				A2233E612A9F765F008B0BED /* DetailView.swift in Sources */,
				A23E48462A94CC5A00B85154 /* PreviewProvider.swift in Sources */,
				A28B64AD2AA0DB11003339F9 /* Date.swift in Sources */,
				A22292D12A98DCE300163FB7 /* PortfolioView.swift in Sources */,
				A23E48482A94DED600B85154 /* Double.swift in Sources */,
				A21BB91B2A9643C4008724DC /* CoinImageService.swift in Sources */,
				A27FA5B32A9E8B7500171F20 /* HapticManager.swift in Sources */,
				A2DA44512A93EC180095791D /* CoinModel.swift in Sources */,
			);
			runOnlyForDeploymentPostprocessing = 0;
		};
/* End PBXSourcesBuildPhase section */

/* Begin XCBuildConfiguration section */
		A2C9B9072A8FF1E20019882C /* Debug */ = {
			isa = XCBuildConfiguration;
			buildSettings = {
				ALWAYS_SEARCH_USER_PATHS = NO;
				CLANG_ANALYZER_NONNULL = YES;
				CLANG_ANALYZER_NUMBER_OBJECT_CONVERSION = YES_AGGRESSIVE;
				CLANG_CXX_LANGUAGE_STANDARD = "gnu++20";
				CLANG_ENABLE_MODULES = YES;
				CLANG_ENABLE_OBJC_ARC = YES;
				CLANG_ENABLE_OBJC_WEAK = YES;
				CLANG_WARN_BLOCK_CAPTURE_AUTORELEASING = YES;
				CLANG_WARN_BOOL_CONVERSION = YES;
				CLANG_WARN_COMMA = YES;
				CLANG_WARN_CONSTANT_CONVERSION = YES;
				CLANG_WARN_DEPRECATED_OBJC_IMPLEMENTATIONS = YES;
				CLANG_WARN_DIRECT_OBJC_ISA_USAGE = YES_ERROR;
				CLANG_WARN_DOCUMENTATION_COMMENTS = YES;
				CLANG_WARN_EMPTY_BODY = YES;
				CLANG_WARN_ENUM_CONVERSION = YES;
				CLANG_WARN_INFINITE_RECURSION = YES;
				CLANG_WARN_INT_CONVERSION = YES;
				CLANG_WARN_NON_LITERAL_NULL_CONVERSION = YES;
				CLANG_WARN_OBJC_IMPLICIT_RETAIN_SELF = YES;
				CLANG_WARN_OBJC_LITERAL_CONVERSION = YES;
				CLANG_WARN_OBJC_ROOT_CLASS = YES_ERROR;
				CLANG_WARN_QUOTED_INCLUDE_IN_FRAMEWORK_HEADER = YES;
				CLANG_WARN_RANGE_LOOP_ANALYSIS = YES;
				CLANG_WARN_STRICT_PROTOTYPES = YES;
				CLANG_WARN_SUSPICIOUS_MOVE = YES;
				CLANG_WARN_UNGUARDED_AVAILABILITY = YES_AGGRESSIVE;
				CLANG_WARN_UNREACHABLE_CODE = YES;
				CLANG_WARN__DUPLICATE_METHOD_MATCH = YES;
				COPY_PHASE_STRIP = NO;
				DEBUG_INFORMATION_FORMAT = dwarf;
				ENABLE_STRICT_OBJC_MSGSEND = YES;
				ENABLE_TESTABILITY = YES;
				GCC_C_LANGUAGE_STANDARD = gnu11;
				GCC_DYNAMIC_NO_PIC = NO;
				GCC_NO_COMMON_BLOCKS = YES;
				GCC_OPTIMIZATION_LEVEL = 0;
				GCC_PREPROCESSOR_DEFINITIONS = (
					"DEBUG=1",
					"$(inherited)",
				);
				GCC_WARN_64_TO_32_BIT_CONVERSION = YES;
				GCC_WARN_ABOUT_RETURN_TYPE = YES_ERROR;
				GCC_WARN_UNDECLARED_SELECTOR = YES;
				GCC_WARN_UNINITIALIZED_AUTOS = YES_AGGRESSIVE;
				GCC_WARN_UNUSED_FUNCTION = YES;
				GCC_WARN_UNUSED_VARIABLE = YES;
				IPHONEOS_DEPLOYMENT_TARGET = 16.4;
				MTL_ENABLE_DEBUG_INFO = INCLUDE_SOURCE;
				MTL_FAST_MATH = YES;
				ONLY_ACTIVE_ARCH = YES;
				SDKROOT = iphoneos;
				SWIFT_ACTIVE_COMPILATION_CONDITIONS = DEBUG;
				SWIFT_OPTIMIZATION_LEVEL = "-Onone";
			};
			name = Debug;
		};
		A2C9B9082A8FF1E20019882C /* Release */ = {
			isa = XCBuildConfiguration;
			buildSettings = {
				ALWAYS_SEARCH_USER_PATHS = NO;
				CLANG_ANALYZER_NONNULL = YES;
				CLANG_ANALYZER_NUMBER_OBJECT_CONVERSION = YES_AGGRESSIVE;
				CLANG_CXX_LANGUAGE_STANDARD = "gnu++20";
				CLANG_ENABLE_MODULES = YES;
				CLANG_ENABLE_OBJC_ARC = YES;
				CLANG_ENABLE_OBJC_WEAK = YES;
				CLANG_WARN_BLOCK_CAPTURE_AUTORELEASING = YES;
				CLANG_WARN_BOOL_CONVERSION = YES;
				CLANG_WARN_COMMA = YES;
				CLANG_WARN_CONSTANT_CONVERSION = YES;
				CLANG_WARN_DEPRECATED_OBJC_IMPLEMENTATIONS = YES;
				CLANG_WARN_DIRECT_OBJC_ISA_USAGE = YES_ERROR;
				CLANG_WARN_DOCUMENTATION_COMMENTS = YES;
				CLANG_WARN_EMPTY_BODY = YES;
				CLANG_WARN_ENUM_CONVERSION = YES;
				CLANG_WARN_INFINITE_RECURSION = YES;
				CLANG_WARN_INT_CONVERSION = YES;
				CLANG_WARN_NON_LITERAL_NULL_CONVERSION = YES;
				CLANG_WARN_OBJC_IMPLICIT_RETAIN_SELF = YES;
				CLANG_WARN_OBJC_LITERAL_CONVERSION = YES;
				CLANG_WARN_OBJC_ROOT_CLASS = YES_ERROR;
				CLANG_WARN_QUOTED_INCLUDE_IN_FRAMEWORK_HEADER = YES;
				CLANG_WARN_RANGE_LOOP_ANALYSIS = YES;
				CLANG_WARN_STRICT_PROTOTYPES = YES;
				CLANG_WARN_SUSPICIOUS_MOVE = YES;
				CLANG_WARN_UNGUARDED_AVAILABILITY = YES_AGGRESSIVE;
				CLANG_WARN_UNREACHABLE_CODE = YES;
				CLANG_WARN__DUPLICATE_METHOD_MATCH = YES;
				COPY_PHASE_STRIP = NO;
				DEBUG_INFORMATION_FORMAT = "dwarf-with-dsym";
				ENABLE_NS_ASSERTIONS = NO;
				ENABLE_STRICT_OBJC_MSGSEND = YES;
				GCC_C_LANGUAGE_STANDARD = gnu11;
				GCC_NO_COMMON_BLOCKS = YES;
				GCC_WARN_64_TO_32_BIT_CONVERSION = YES;
				GCC_WARN_ABOUT_RETURN_TYPE = YES_ERROR;
				GCC_WARN_UNDECLARED_SELECTOR = YES;
				GCC_WARN_UNINITIALIZED_AUTOS = YES_AGGRESSIVE;
				GCC_WARN_UNUSED_FUNCTION = YES;
				GCC_WARN_UNUSED_VARIABLE = YES;
				IPHONEOS_DEPLOYMENT_TARGET = 16.4;
				MTL_ENABLE_DEBUG_INFO = NO;
				MTL_FAST_MATH = YES;
				SDKROOT = iphoneos;
				SWIFT_COMPILATION_MODE = wholemodule;
				SWIFT_OPTIMIZATION_LEVEL = "-O";
				VALIDATE_PRODUCT = YES;
			};
			name = Release;
		};
		A2C9B90A2A8FF1E20019882C /* Debug */ = {
			isa = XCBuildConfiguration;
			buildSettings = {
				ASSETCATALOG_COMPILER_APPICON_NAME = AppIcon;
				ASSETCATALOG_COMPILER_GLOBAL_ACCENT_COLOR_NAME = AccentColor;
				CODE_SIGN_STYLE = Automatic;
				CURRENT_PROJECT_VERSION = 1;
				DEVELOPMENT_ASSET_PATHS = "\"BeCoin/Preview Content\"";
				DEVELOPMENT_TEAM = 2Q448G8AH2;
				ENABLE_PREVIEWS = YES;
				GENERATE_INFOPLIST_FILE = YES;
				INFOPLIST_KEY_CFBundleDisplayName = BeCoin;
				INFOPLIST_KEY_LSApplicationCategoryType = "public.app-category.finance";
				INFOPLIST_KEY_UIApplicationSceneManifest_Generation = YES;
				INFOPLIST_KEY_UIApplicationSupportsIndirectInputEvents = YES;
				INFOPLIST_KEY_UILaunchScreen_Generation = YES;
				INFOPLIST_KEY_UILaunchStoryboardName = LaunchScreen.storyboard;
				INFOPLIST_KEY_UISupportedInterfaceOrientations = UIInterfaceOrientationPortrait;
				LD_RUNPATH_SEARCH_PATHS = (
					"$(inherited)",
					"@executable_path/Frameworks",
				);
				MARKETING_VERSION = 1.0;
				PRODUCT_BUNDLE_IDENTIFIER = com.andreporto.BeCoin;
				PRODUCT_NAME = "$(TARGET_NAME)";
				SWIFT_EMIT_LOC_STRINGS = YES;
				SWIFT_VERSION = 5.0;
				TARGETED_DEVICE_FAMILY = "1,2";
			};
			name = Debug;
		};
		A2C9B90B2A8FF1E20019882C /* Release */ = {
			isa = XCBuildConfiguration;
			buildSettings = {
				ASSETCATALOG_COMPILER_APPICON_NAME = AppIcon;
				ASSETCATALOG_COMPILER_GLOBAL_ACCENT_COLOR_NAME = AccentColor;
				CODE_SIGN_STYLE = Automatic;
				CURRENT_PROJECT_VERSION = 1;
				DEVELOPMENT_ASSET_PATHS = "\"BeCoin/Preview Content\"";
				DEVELOPMENT_TEAM = 2Q448G8AH2;
				ENABLE_PREVIEWS = YES;
				GENERATE_INFOPLIST_FILE = YES;
				INFOPLIST_KEY_CFBundleDisplayName = BeCoin;
				INFOPLIST_KEY_LSApplicationCategoryType = "public.app-category.finance";
				INFOPLIST_KEY_UIApplicationSceneManifest_Generation = YES;
				INFOPLIST_KEY_UIApplicationSupportsIndirectInputEvents = YES;
				INFOPLIST_KEY_UILaunchScreen_Generation = YES;
				INFOPLIST_KEY_UILaunchStoryboardName = LaunchScreen.storyboard;
				INFOPLIST_KEY_UISupportedInterfaceOrientations = UIInterfaceOrientationPortrait;
				LD_RUNPATH_SEARCH_PATHS = (
					"$(inherited)",
					"@executable_path/Frameworks",
				);
				MARKETING_VERSION = 1.0;
				PRODUCT_BUNDLE_IDENTIFIER = com.andreporto.BeCoin;
				PRODUCT_NAME = "$(TARGET_NAME)";
				SWIFT_EMIT_LOC_STRINGS = YES;
				SWIFT_VERSION = 5.0;
				TARGETED_DEVICE_FAMILY = "1,2";
			};
			name = Release;
		};
/* End XCBuildConfiguration section */

/* Begin XCConfigurationList section */
		A2C9B8F62A8FF1E10019882C /* Build configuration list for PBXProject "BeCoin" */ = {
			isa = XCConfigurationList;
			buildConfigurations = (
				A2C9B9072A8FF1E20019882C /* Debug */,
				A2C9B9082A8FF1E20019882C /* Release */,
			);
			defaultConfigurationIsVisible = 0;
			defaultConfigurationName = Release;
		};
		A2C9B9092A8FF1E20019882C /* Build configuration list for PBXNativeTarget "BeCoin" */ = {
			isa = XCConfigurationList;
			buildConfigurations = (
				A2C9B90A2A8FF1E20019882C /* Debug */,
				A2C9B90B2A8FF1E20019882C /* Release */,
			);
			defaultConfigurationIsVisible = 0;
			defaultConfigurationName = Release;
		};
/* End XCConfigurationList section */

/* Begin XCVersionGroup section */
		A27FA5AD2A9E677100171F20 /* PortfolioContainer.xcdatamodeld */ = {
			isa = XCVersionGroup;
			children = (
				A27FA5AE2A9E677100171F20 /* PortfolioContainer.xcdatamodel */,
			);
			currentVersion = A27FA5AE2A9E677100171F20 /* PortfolioContainer.xcdatamodel */;
			path = PortfolioContainer.xcdatamodeld;
			sourceTree = "<group>";
			versionGroupType = wrapper.xcdatamodel;
		};
/* End XCVersionGroup section */
	};
	rootObject = A2C9B8F32A8FF1E10019882C /* Project object */;
}
